
Microsoft Visual Studio Solution File, Format Version 12.00
# Visual Studio 2012
Project("{8BC9CEB8-8B4A-11D0-8D11-00A0C91BC942}") = "MCA", "MCA\MCA.vcxproj", "{64F486DC-DFD4-4E07-AB4E-5F705307F3A2}"
EndProject
Global
	GlobalSection(SolutionConfigurationPlatforms) = preSolution
		Debug|Win32 = Debug|Win32
		Release|Win32 = Release|Win32
	EndGlobalSection
	GlobalSection(ProjectConfigurationPlatforms) = postSolution
		{64F486DC-DFD4-4E07-AB4E-5F705307F3A2}.Debug|Win32.ActiveCfg = Debug|Win32
		{64F486DC-DFD4-4E07-AB4E-5F705307F3A2}.Debug|Win32.Build.0 = Debug|Win32
		{64F486DC-DFD4-4E07-AB4E-5F705307F3A2}.Release|Win32.ActiveCfg = Release|Win32
		{64F486DC-DFD4-4E07-AB4E-5F705307F3A2}.Release|Win32.Build.0 = Release|Win32
	EndGlobalSection
	GlobalSection(SolutionProperties) = preSolution
		HideSolutionNode = FALSE
	EndGlobalSection
	GlobalSection(Performance) = preSolution
		HasPerformanceSessions = true
	EndGlobalSection
EndGlobal
